// !$*UTF8*$!
{
	archiveVersion = 1;
	classes = {
	};
	objectVersion = 55;
	objects = {

/* Begin PBXBuildFile section */
		DD4D613B28BF73DD006F7517 /* AppContentTransitionController.swift in Sources */ = {isa = PBXBuildFile; fileRef = DD4D613A28BF73DD006F7517 /* AppContentTransitionController.swift */; };
		DD4D613D28BF7A93006F7517 /* AppContentPresentingAnimator.swift in Sources */ = {isa = PBXBuildFile; fileRef = DD4D613C28BF7A93006F7517 /* AppContentPresentingAnimator.swift */; };
		DD4D614028BF995C006F7517 /* WeatherContentView.swift in Sources */ = {isa = PBXBuildFile; fileRef = DD4D613F28BF995C006F7517 /* WeatherContentView.swift */; };
		DD4D614228C06477006F7517 /* AppcontentPresentaion.swift in Sources */ = {isa = PBXBuildFile; fileRef = DD4D614128C06477006F7517 /* AppcontentPresentaion.swift */; };
		DD81D0BA28BEF52F000780D6 /* AppDelegate.swift in Sources */ = {isa = PBXBuildFile; fileRef = DD81D0B928BEF52F000780D6 /* AppDelegate.swift */; };
		DD81D0BC28BEF52F000780D6 /* SceneDelegate.swift in Sources */ = {isa = PBXBuildFile; fileRef = DD81D0BB28BEF52F000780D6 /* SceneDelegate.swift */; };
		DD81D0C328BEF531000780D6 /* Assets.xcassets in Resources */ = {isa = PBXBuildFile; fileRef = DD81D0C228BEF531000780D6 /* Assets.xcassets */; };
		DD81D0C628BEF531000780D6 /* LaunchScreen.storyboard in Resources */ = {isa = PBXBuildFile; fileRef = DD81D0C428BEF531000780D6 /* LaunchScreen.storyboard */; };
		DD81D0CE28BEF60F000780D6 /* BaseURL.swift in Sources */ = {isa = PBXBuildFile; fileRef = DD81D0CD28BEF60F000780D6 /* BaseURL.swift */; };
		DD81D0D128BEF6C3000780D6 /* MainViewController.swift in Sources */ = {isa = PBXBuildFile; fileRef = DD81D0D028BEF6C3000780D6 /* MainViewController.swift */; };
		DD81D0D328BF0282000780D6 /* WeatherAPIProvider.swift in Sources */ = {isa = PBXBuildFile; fileRef = DD81D0D228BF0282000780D6 /* WeatherAPIProvider.swift */; };
		DDA191A328BF127500FFF98E /* CardCollectionViewFlowLayout.swift in Sources */ = {isa = PBXBuildFile; fileRef = DDA191A228BF127500FFF98E /* CardCollectionViewFlowLayout.swift */; };
		DDA191A628BF172E00FFF98E /* WeatherCollectionViewCell.swift in Sources */ = {isa = PBXBuildFile; fileRef = DDA191A528BF172E00FFF98E /* WeatherCollectionViewCell.swift */; };
		DDAC1AE328BF3F820013D76A /* RelativeLayoutUtilityClass.swift in Sources */ = {isa = PBXBuildFile; fileRef = DDAC1AE228BF3F820013D76A /* RelativeLayoutUtilityClass.swift */; };
		DDAC1AE628BF41AD0013D76A /* Font.swift in Sources */ = {isa = PBXBuildFile; fileRef = DDAC1AE528BF41AD0013D76A /* Font.swift */; };
		DDAC1AE928BF6A1B0013D76A /* DetailViewController.swift in Sources */ = {isa = PBXBuildFile; fileRef = DDAC1AE828BF6A1B0013D76A /* DetailViewController.swift */; };
/* End PBXBuildFile section */

/* Begin PBXFileReference section */
		DD4D613A28BF73DD006F7517 /* AppContentTransitionController.swift */ = {isa = PBXFileReference; lastKnownFileType = sourcecode.swift; path = AppContentTransitionController.swift; sourceTree = "<group>"; };
		DD4D613C28BF7A93006F7517 /* AppContentPresentingAnimator.swift */ = {isa = PBXFileReference; lastKnownFileType = sourcecode.swift; path = AppContentPresentingAnimator.swift; sourceTree = "<group>"; };
		DD4D613F28BF995C006F7517 /* WeatherContentView.swift */ = {isa = PBXFileReference; lastKnownFileType = sourcecode.swift; path = WeatherContentView.swift; sourceTree = "<group>"; };
		DD4D614128C06477006F7517 /* AppcontentPresentaion.swift */ = {isa = PBXFileReference; lastKnownFileType = sourcecode.swift; path = AppcontentPresentaion.swift; sourceTree = "<group>"; };
		DD81D0B628BEF52F000780D6 /* wanted-pre-onboarding-iOS.app */ = {isa = PBXFileReference; explicitFileType = wrapper.application; includeInIndex = 0; path = "wanted-pre-onboarding-iOS.app"; sourceTree = BUILT_PRODUCTS_DIR; };
		DD81D0B928BEF52F000780D6 /* AppDelegate.swift */ = {isa = PBXFileReference; lastKnownFileType = sourcecode.swift; path = AppDelegate.swift; sourceTree = "<group>"; };
		DD81D0BB28BEF52F000780D6 /* SceneDelegate.swift */ = {isa = PBXFileReference; lastKnownFileType = sourcecode.swift; path = SceneDelegate.swift; sourceTree = "<group>"; };
		DD81D0C228BEF531000780D6 /* Assets.xcassets */ = {isa = PBXFileReference; lastKnownFileType = folder.assetcatalog; path = Assets.xcassets; sourceTree = "<group>"; };
		DD81D0C528BEF531000780D6 /* Base */ = {isa = PBXFileReference; lastKnownFileType = file.storyboard; name = Base; path = Base.lproj/LaunchScreen.storyboard; sourceTree = "<group>"; };
		DD81D0C728BEF531000780D6 /* Info.plist */ = {isa = PBXFileReference; lastKnownFileType = text.plist.xml; path = Info.plist; sourceTree = "<group>"; };
		DD81D0CD28BEF60F000780D6 /* BaseURL.swift */ = {isa = PBXFileReference; lastKnownFileType = sourcecode.swift; path = BaseURL.swift; sourceTree = "<group>"; };
		DD81D0D028BEF6C3000780D6 /* MainViewController.swift */ = {isa = PBXFileReference; lastKnownFileType = sourcecode.swift; path = MainViewController.swift; sourceTree = "<group>"; };
		DD81D0D228BF0282000780D6 /* WeatherAPIProvider.swift */ = {isa = PBXFileReference; lastKnownFileType = sourcecode.swift; path = WeatherAPIProvider.swift; sourceTree = "<group>"; };
		DDA191A228BF127500FFF98E /* CardCollectionViewFlowLayout.swift */ = {isa = PBXFileReference; lastKnownFileType = sourcecode.swift; path = CardCollectionViewFlowLayout.swift; sourceTree = "<group>"; };
		DDA191A528BF172E00FFF98E /* WeatherCollectionViewCell.swift */ = {isa = PBXFileReference; lastKnownFileType = sourcecode.swift; path = WeatherCollectionViewCell.swift; sourceTree = "<group>"; };
		DDAC1AE228BF3F820013D76A /* RelativeLayoutUtilityClass.swift */ = {isa = PBXFileReference; lastKnownFileType = sourcecode.swift; path = RelativeLayoutUtilityClass.swift; sourceTree = "<group>"; };
		DDAC1AE528BF41AD0013D76A /* Font.swift */ = {isa = PBXFileReference; lastKnownFileType = sourcecode.swift; path = Font.swift; sourceTree = "<group>"; };
		DDAC1AE828BF6A1B0013D76A /* DetailViewController.swift */ = {isa = PBXFileReference; lastKnownFileType = sourcecode.swift; path = DetailViewController.swift; sourceTree = "<group>"; };
/* End PBXFileReference section */

/* Begin PBXFrameworksBuildPhase section */
		DD81D0B328BEF52F000780D6 /* Frameworks */ = {
			isa = PBXFrameworksBuildPhase;
			buildActionMask = 2147483647;
			files = (
			);
			runOnlyForDeploymentPostprocessing = 0;
		};
/* End PBXFrameworksBuildPhase section */

/* Begin PBXGroup section */
		DD4D613E28BF7A99006F7517 /* Animation */ = {
			isa = PBXGroup;
			children = (
				DD4D613A28BF73DD006F7517 /* AppContentTransitionController.swift */,
				DD4D613C28BF7A93006F7517 /* AppContentPresentingAnimator.swift */,
				DD4D614128C06477006F7517 /* AppcontentPresentaion.swift */,
				DD4D613F28BF995C006F7517 /* WeatherContentView.swift */,
			);
			path = Animation;
			sourceTree = "<group>";
		};
		DD81D0AD28BEF52F000780D6 = {
			isa = PBXGroup;
			children = (
				DD81D0B828BEF52F000780D6 /* wanted-pre-onboarding-iOS */,
				DD81D0B728BEF52F000780D6 /* Products */,
			);
			sourceTree = "<group>";
		};
		DD81D0B728BEF52F000780D6 /* Products */ = {
			isa = PBXGroup;
			children = (
				DD81D0B628BEF52F000780D6 /* wanted-pre-onboarding-iOS.app */,
			);
			name = Products;
			sourceTree = "<group>";
		};
		DD81D0B828BEF52F000780D6 /* wanted-pre-onboarding-iOS */ = {
			isa = PBXGroup;
			children = (
				DD81D0B928BEF52F000780D6 /* AppDelegate.swift */,
				DD81D0BB28BEF52F000780D6 /* SceneDelegate.swift */,
				DD4D613E28BF7A99006F7517 /* Animation */,
				DDA191A728BF173400FFF98E /* Page 1 */,
				DDAC1AEA28BF6A210013D76A /* Page 2 */,
				DD81D0CF28BEF617000780D6 /* Service */,
				DDA191A428BF127A00FFF98E /* Common */,
				DD81D0D428BF0286000780D6 /* Test */,
				DD81D0C228BEF531000780D6 /* Assets.xcassets */,
				DD81D0C428BEF531000780D6 /* LaunchScreen.storyboard */,
				DD81D0C728BEF531000780D6 /* Info.plist */,
			);
			path = "wanted-pre-onboarding-iOS";
			sourceTree = "<group>";
		};
		DD81D0CF28BEF617000780D6 /* Service */ = {
			isa = PBXGroup;
			children = (
				DD81D0CD28BEF60F000780D6 /* BaseURL.swift */,
			);
			path = Service;
			sourceTree = "<group>";
		};
		DD81D0D428BF0286000780D6 /* Test */ = {
			isa = PBXGroup;
			children = (
				DD81D0D228BF0282000780D6 /* WeatherAPIProvider.swift */,
			);
			path = Test;
			sourceTree = "<group>";
		};
		DDA191A428BF127A00FFF98E /* Common */ = {
			isa = PBXGroup;
			children = (
				DDAC1AE428BF419E0013D76A /* CustomCollectionView */,
				DDAC1AE728BF41B30013D76A /* Components */,
			);
			path = Common;
			sourceTree = "<group>";
		};
		DDA191A728BF173400FFF98E /* Page 1 */ = {
			isa = PBXGroup;
			children = (
				DD81D0D028BEF6C3000780D6 /* MainViewController.swift */,
				DDA191A528BF172E00FFF98E /* WeatherCollectionViewCell.swift */,
			);
			path = "Page 1";
			sourceTree = "<group>";
		};
		DDAC1AE428BF419E0013D76A /* CustomCollectionView */ = {
			isa = PBXGroup;
			children = (
				DDA191A228BF127500FFF98E /* CardCollectionViewFlowLayout.swift */,
				DDAC1AE228BF3F820013D76A /* RelativeLayoutUtilityClass.swift */,
			);
			path = CustomCollectionView;
			sourceTree = "<group>";
		};
		DDAC1AE728BF41B30013D76A /* Components */ = {
			isa = PBXGroup;
			children = (
				DDAC1AE528BF41AD0013D76A /* Font.swift */,
			);
			path = Components;
			sourceTree = "<group>";
		};
		DDAC1AEA28BF6A210013D76A /* Page 2 */ = {
			isa = PBXGroup;
			children = (
				DDAC1AE828BF6A1B0013D76A /* DetailViewController.swift */,
			);
			path = "Page 2";
			sourceTree = "<group>";
		};
/* End PBXGroup section */

/* Begin PBXNativeTarget section */
		DD81D0B528BEF52F000780D6 /* wanted-pre-onboarding-iOS */ = {
			isa = PBXNativeTarget;
			buildConfigurationList = DD81D0CA28BEF531000780D6 /* Build configuration list for PBXNativeTarget "wanted-pre-onboarding-iOS" */;
			buildPhases = (
				DD81D0B228BEF52F000780D6 /* Sources */,
				DD81D0B328BEF52F000780D6 /* Frameworks */,
				DD81D0B428BEF52F000780D6 /* Resources */,
			);
			buildRules = (
			);
			dependencies = (
			);
			name = "wanted-pre-onboarding-iOS";
			productName = "wanted-pre-onboarding-iOS";
			productReference = DD81D0B628BEF52F000780D6 /* wanted-pre-onboarding-iOS.app */;
			productType = "com.apple.product-type.application";
		};
/* End PBXNativeTarget section */

/* Begin PBXProject section */
		DD81D0AE28BEF52F000780D6 /* Project object */ = {
			isa = PBXProject;
			attributes = {
				BuildIndependentTargetsInParallel = 1;
				LastSwiftUpdateCheck = 1340;
				LastUpgradeCheck = 1340;
				TargetAttributes = {
					DD81D0B528BEF52F000780D6 = {
						CreatedOnToolsVersion = 13.4.1;
					};
				};
			};
			buildConfigurationList = DD81D0B128BEF52F000780D6 /* Build configuration list for PBXProject "wanted-pre-onboarding-iOS" */;
			compatibilityVersion = "Xcode 13.0";
			developmentRegion = en;
			hasScannedForEncodings = 0;
			knownRegions = (
				en,
				Base,
			);
			mainGroup = DD81D0AD28BEF52F000780D6;
			productRefGroup = DD81D0B728BEF52F000780D6 /* Products */;
			projectDirPath = "";
			projectRoot = "";
			targets = (
				DD81D0B528BEF52F000780D6 /* wanted-pre-onboarding-iOS */,
			);
		};
/* End PBXProject section */

/* Begin PBXResourcesBuildPhase section */
		DD81D0B428BEF52F000780D6 /* Resources */ = {
			isa = PBXResourcesBuildPhase;
			buildActionMask = 2147483647;
			files = (
				DD81D0C628BEF531000780D6 /* LaunchScreen.storyboard in Resources */,
				DD81D0C328BEF531000780D6 /* Assets.xcassets in Resources */,
			);
			runOnlyForDeploymentPostprocessing = 0;
		};
/* End PBXResourcesBuildPhase section */

/* Begin PBXSourcesBuildPhase section */
		DD81D0B228BEF52F000780D6 /* Sources */ = {
			isa = PBXSourcesBuildPhase;
			buildActionMask = 2147483647;
			files = (
				DD81D0BA28BEF52F000780D6 /* AppDelegate.swift in Sources */,
				DD81D0BC28BEF52F000780D6 /* SceneDelegate.swift in Sources */,
				DD4D614228C06477006F7517 /* AppcontentPresentaion.swift in Sources */,
				DDAC1AE328BF3F820013D76A /* RelativeLayoutUtilityClass.swift in Sources */,
				DD81D0CE28BEF60F000780D6 /* BaseURL.swift in Sources */,
				DD81D0D328BF0282000780D6 /* WeatherAPIProvider.swift in Sources */,
				DD4D614028BF995C006F7517 /* WeatherContentView.swift in Sources */,
				DD4D613B28BF73DD006F7517 /* AppContentTransitionController.swift in Sources */,
				DDAC1AE628BF41AD0013D76A /* Font.swift in Sources */,
				DD4D613D28BF7A93006F7517 /* AppContentPresentingAnimator.swift in Sources */,
				DDA191A328BF127500FFF98E /* CardCollectionViewFlowLayout.swift in Sources */,
				DDAC1AE928BF6A1B0013D76A /* DetailViewController.swift in Sources */,
				DD81D0D128BEF6C3000780D6 /* MainViewController.swift in Sources */,
				DDA191A628BF172E00FFF98E /* WeatherCollectionViewCell.swift in Sources */,
			);
			runOnlyForDeploymentPostprocessing = 0;
		};
/* End PBXSourcesBuildPhase section */

/* Begin PBXVariantGroup section */
		DD81D0C428BEF531000780D6 /* LaunchScreen.storyboard */ = {
			isa = PBXVariantGroup;
			children = (
				DD81D0C528BEF531000780D6 /* Base */,
			);
			name = LaunchScreen.storyboard;
			sourceTree = "<group>";
		};
/* End PBXVariantGroup section */

/* Begin XCBuildConfiguration section */
		DD81D0C828BEF531000780D6 /* Debug */ = {
			isa = XCBuildConfiguration;
			buildSettings = {
				ALWAYS_SEARCH_USER_PATHS = NO;
				CLANG_ANALYZER_NONNULL = YES;
				CLANG_ANALYZER_NUMBER_OBJECT_CONVERSION = YES_AGGRESSIVE;
				CLANG_CXX_LANGUAGE_STANDARD = "gnu++17";
				CLANG_ENABLE_MODULES = YES;
				CLANG_ENABLE_OBJC_ARC = YES;
				CLANG_ENABLE_OBJC_WEAK = YES;
				CLANG_WARN_BLOCK_CAPTURE_AUTORELEASING = YES;
				CLANG_WARN_BOOL_CONVERSION = YES;
				CLANG_WARN_COMMA = YES;
				CLANG_WARN_CONSTANT_CONVERSION = YES;
				CLANG_WARN_DEPRECATED_OBJC_IMPLEMENTATIONS = YES;
				CLANG_WARN_DIRECT_OBJC_ISA_USAGE = YES_ERROR;
				CLANG_WARN_DOCUMENTATION_COMMENTS = YES;
				CLANG_WARN_EMPTY_BODY = YES;
				CLANG_WARN_ENUM_CONVERSION = YES;
				CLANG_WARN_INFINITE_RECURSION = YES;
				CLANG_WARN_INT_CONVERSION = YES;
				CLANG_WARN_NON_LITERAL_NULL_CONVERSION = YES;
				CLANG_WARN_OBJC_IMPLICIT_RETAIN_SELF = YES;
				CLANG_WARN_OBJC_LITERAL_CONVERSION = YES;
				CLANG_WARN_OBJC_ROOT_CLASS = YES_ERROR;
				CLANG_WARN_QUOTED_INCLUDE_IN_FRAMEWORK_HEADER = YES;
				CLANG_WARN_RANGE_LOOP_ANALYSIS = YES;
				CLANG_WARN_STRICT_PROTOTYPES = YES;
				CLANG_WARN_SUSPICIOUS_MOVE = YES;
				CLANG_WARN_UNGUARDED_AVAILABILITY = YES_AGGRESSIVE;
				CLANG_WARN_UNREACHABLE_CODE = YES;
				CLANG_WARN__DUPLICATE_METHOD_MATCH = YES;
				COPY_PHASE_STRIP = NO;
				DEBUG_INFORMATION_FORMAT = dwarf;
				ENABLE_STRICT_OBJC_MSGSEND = YES;
				ENABLE_TESTABILITY = YES;
				GCC_C_LANGUAGE_STANDARD = gnu11;
				GCC_DYNAMIC_NO_PIC = NO;
				GCC_NO_COMMON_BLOCKS = YES;
				GCC_OPTIMIZATION_LEVEL = 0;
				GCC_PREPROCESSOR_DEFINITIONS = (
					"DEBUG=1",
					"$(inherited)",
				);
				GCC_WARN_64_TO_32_BIT_CONVERSION = YES;
				GCC_WARN_ABOUT_RETURN_TYPE = YES_ERROR;
				GCC_WARN_UNDECLARED_SELECTOR = YES;
				GCC_WARN_UNINITIALIZED_AUTOS = YES_AGGRESSIVE;
				GCC_WARN_UNUSED_FUNCTION = YES;
				GCC_WARN_UNUSED_VARIABLE = YES;
				IPHONEOS_DEPLOYMENT_TARGET = 15.5;
				MTL_ENABLE_DEBUG_INFO = INCLUDE_SOURCE;
				MTL_FAST_MATH = YES;
				ONLY_ACTIVE_ARCH = YES;
				SDKROOT = iphoneos;
				SWIFT_ACTIVE_COMPILATION_CONDITIONS = DEBUG;
				SWIFT_OPTIMIZATION_LEVEL = "-Onone";
			};
			name = Debug;
		};
		DD81D0C928BEF531000780D6 /* Release */ = {
			isa = XCBuildConfiguration;
			buildSettings = {
				ALWAYS_SEARCH_USER_PATHS = NO;
				CLANG_ANALYZER_NONNULL = YES;
				CLANG_ANALYZER_NUMBER_OBJECT_CONVERSION = YES_AGGRESSIVE;
				CLANG_CXX_LANGUAGE_STANDARD = "gnu++17";
				CLANG_ENABLE_MODULES = YES;
				CLANG_ENABLE_OBJC_ARC = YES;
				CLANG_ENABLE_OBJC_WEAK = YES;
				CLANG_WARN_BLOCK_CAPTURE_AUTORELEASING = YES;
				CLANG_WARN_BOOL_CONVERSION = YES;
				CLANG_WARN_COMMA = YES;
				CLANG_WARN_CONSTANT_CONVERSION = YES;
				CLANG_WARN_DEPRECATED_OBJC_IMPLEMENTATIONS = YES;
				CLANG_WARN_DIRECT_OBJC_ISA_USAGE = YES_ERROR;
				CLANG_WARN_DOCUMENTATION_COMMENTS = YES;
				CLANG_WARN_EMPTY_BODY = YES;
				CLANG_WARN_ENUM_CONVERSION = YES;
				CLANG_WARN_INFINITE_RECURSION = YES;
				CLANG_WARN_INT_CONVERSION = YES;
				CLANG_WARN_NON_LITERAL_NULL_CONVERSION = YES;
				CLANG_WARN_OBJC_IMPLICIT_RETAIN_SELF = YES;
				CLANG_WARN_OBJC_LITERAL_CONVERSION = YES;
				CLANG_WARN_OBJC_ROOT_CLASS = YES_ERROR;
				CLANG_WARN_QUOTED_INCLUDE_IN_FRAMEWORK_HEADER = YES;
				CLANG_WARN_RANGE_LOOP_ANALYSIS = YES;
				CLANG_WARN_STRICT_PROTOTYPES = YES;
				CLANG_WARN_SUSPICIOUS_MOVE = YES;
				CLANG_WARN_UNGUARDED_AVAILABILITY = YES_AGGRESSIVE;
				CLANG_WARN_UNREACHABLE_CODE = YES;
				CLANG_WARN__DUPLICATE_METHOD_MATCH = YES;
				COPY_PHASE_STRIP = NO;
				DEBUG_INFORMATION_FORMAT = "dwarf-with-dsym";
				ENABLE_NS_ASSERTIONS = NO;
				ENABLE_STRICT_OBJC_MSGSEND = YES;
				GCC_C_LANGUAGE_STANDARD = gnu11;
				GCC_NO_COMMON_BLOCKS = YES;
				GCC_WARN_64_TO_32_BIT_CONVERSION = YES;
				GCC_WARN_ABOUT_RETURN_TYPE = YES_ERROR;
				GCC_WARN_UNDECLARED_SELECTOR = YES;
				GCC_WARN_UNINITIALIZED_AUTOS = YES_AGGRESSIVE;
				GCC_WARN_UNUSED_FUNCTION = YES;
				GCC_WARN_UNUSED_VARIABLE = YES;
				IPHONEOS_DEPLOYMENT_TARGET = 15.5;
				MTL_ENABLE_DEBUG_INFO = NO;
				MTL_FAST_MATH = YES;
				SDKROOT = iphoneos;
				SWIFT_COMPILATION_MODE = wholemodule;
				SWIFT_OPTIMIZATION_LEVEL = "-O";
				VALIDATE_PRODUCT = YES;
			};
			name = Release;
		};
		DD81D0CB28BEF531000780D6 /* Debug */ = {
			isa = XCBuildConfiguration;
			buildSettings = {
				ASSETCATALOG_COMPILER_APPICON_NAME = AppIcon;
				ASSETCATALOG_COMPILER_GLOBAL_ACCENT_COLOR_NAME = AccentColor;
				CODE_SIGN_STYLE = Automatic;
				CURRENT_PROJECT_VERSION = 1;
				DEVELOPMENT_TEAM = 6P7X76PR5Q;
				GENERATE_INFOPLIST_FILE = YES;
				INFOPLIST_FILE = "wanted-pre-onboarding-iOS/Info.plist";
				INFOPLIST_KEY_UIApplicationSupportsIndirectInputEvents = YES;
				INFOPLIST_KEY_UILaunchStoryboardName = LaunchScreen;
				INFOPLIST_KEY_UIMainStoryboardFile = "";
				INFOPLIST_KEY_UISupportedInterfaceOrientations_iPad = "UIInterfaceOrientationPortrait UIInterfaceOrientationPortraitUpsideDown UIInterfaceOrientationLandscapeLeft UIInterfaceOrientationLandscapeRight";
				INFOPLIST_KEY_UISupportedInterfaceOrientations_iPhone = "UIInterfaceOrientationPortrait UIInterfaceOrientationLandscapeLeft UIInterfaceOrientationLandscapeRight";
				LD_RUNPATH_SEARCH_PATHS = (
					"$(inherited)",
					"@executable_path/Frameworks",
				);
				MARKETING_VERSION = 1.0;
				PRODUCT_BUNDLE_IDENTIFIER = "LeePaper.wanted-pre-onboarding-iOS";
				PRODUCT_NAME = "$(TARGET_NAME)";
				SWIFT_EMIT_LOC_STRINGS = YES;
				SWIFT_VERSION = 5.0;
				TARGETED_DEVICE_FAMILY = "1,2";
			};
			name = Debug;
		};
		DD81D0CC28BEF531000780D6 /* Release */ = {
			isa = XCBuildConfiguration;
			buildSettings = {
				ASSETCATALOG_COMPILER_APPICON_NAME = AppIcon;
				ASSETCATALOG_COMPILER_GLOBAL_ACCENT_COLOR_NAME = AccentColor;
				CODE_SIGN_STYLE = Automatic;
				CURRENT_PROJECT_VERSION = 1;
				DEVELOPMENT_TEAM = 6P7X76PR5Q;
				GENERATE_INFOPLIST_FILE = YES;
				INFOPLIST_FILE = "wanted-pre-onboarding-iOS/Info.plist";
				INFOPLIST_KEY_UIApplicationSupportsIndirectInputEvents = YES;
				INFOPLIST_KEY_UILaunchStoryboardName = LaunchScreen;
				INFOPLIST_KEY_UIMainStoryboardFile = "";
				INFOPLIST_KEY_UISupportedInterfaceOrientations_iPad = "UIInterfaceOrientationPortrait UIInterfaceOrientationPortraitUpsideDown UIInterfaceOrientationLandscapeLeft UIInterfaceOrientationLandscapeRight";
				INFOPLIST_KEY_UISupportedInterfaceOrientations_iPhone = "UIInterfaceOrientationPortrait UIInterfaceOrientationLandscapeLeft UIInterfaceOrientationLandscapeRight";
				LD_RUNPATH_SEARCH_PATHS = (
					"$(inherited)",
					"@executable_path/Frameworks",
				);
				MARKETING_VERSION = 1.0;
				PRODUCT_BUNDLE_IDENTIFIER = "LeePaper.wanted-pre-onboarding-iOS";
				PRODUCT_NAME = "$(TARGET_NAME)";
				SWIFT_EMIT_LOC_STRINGS = YES;
				SWIFT_VERSION = 5.0;
				TARGETED_DEVICE_FAMILY = "1,2";
			};
			name = Release;
		};
/* End XCBuildConfiguration section */

/* Begin XCConfigurationList section */
		DD81D0B128BEF52F000780D6 /* Build configuration list for PBXProject "wanted-pre-onboarding-iOS" */ = {
			isa = XCConfigurationList;
			buildConfigurations = (
				DD81D0C828BEF531000780D6 /* Debug */,
				DD81D0C928BEF531000780D6 /* Release */,
			);
			defaultConfigurationIsVisible = 0;
			defaultConfigurationName = Release;
		};
		DD81D0CA28BEF531000780D6 /* Build configuration list for PBXNativeTarget "wanted-pre-onboarding-iOS" */ = {
			isa = XCConfigurationList;
			buildConfigurations = (
				DD81D0CB28BEF531000780D6 /* Debug */,
				DD81D0CC28BEF531000780D6 /* Release */,
			);
			defaultConfigurationIsVisible = 0;
			defaultConfigurationName = Release;
		};
/* End XCConfigurationList section */
	};
	rootObject = DD81D0AE28BEF52F000780D6 /* Project object */;
}
